
Microsoft Visual Studio Solution File, Format Version 12.00
# Visual Studio Version 17
VisualStudioVersion = 17.2.32519.379
MinimumVisualStudioVersion = 10.0.40219.1
Project("{8BC9CEB8-8B4A-11D0-8D11-00A0C91BC942}") = "SimpleHttpFlvServer", "SimpleHttpFlvServer\SimpleHttpFlvServer.vcxproj", "{2C3473BF-F4AB-4C10-A4AB-CF0821BCCE3A}"
EndProject
Global
	GlobalSection(SolutionConfigurationPlatforms) = preSolution
		Debug|x64 = Debug|x64
		Debug|x86 = Debug|x86
		Release|x64 = Release|x64
		Release|x86 = Release|x86
	EndGlobalSection
	GlobalSection(ProjectConfigurationPlatforms) = postSolution
		{2C3473BF-F4AB-4C10-A4AB-CF0821BCCE3A}.Debug|x64.ActiveCfg = Debug|x64
		{2C3473BF-F4AB-4C10-A4AB-CF0821BCCE3A}.Debug|x64.Build.0 = Debug|x64
		{2C3473BF-F4AB-4C10-A4AB-CF0821BCCE3A}.Debug|x86.ActiveCfg = Debug|Win32
		{2C3473BF-F4AB-4C10-A4AB-CF0821BCCE3A}.Debug|x86.Build.0 = Debug|Win32
		{2C3473BF-F4AB-4C10-A4AB-CF0821BCCE3A}.Release|x64.ActiveCfg = Release|x64
		{2C3473BF-F4AB-4C10-A4AB-CF0821BCCE3A}.Release|x64.Build.0 = Release|x64
		{2C3473BF-F4AB-4C10-A4AB-CF0821BCCE3A}.Release|x86.ActiveCfg = Release|Win32
		{2C3473BF-F4AB-4C10-A4AB-CF0821BCCE3A}.Release|x86.Build.0 = Release|Win32
	EndGlobalSection
	GlobalSection(SolutionProperties) = preSolution
		HideSolutionNode = FALSE
	EndGlobalSection
	GlobalSection(ExtensibilityGlobals) = postSolution
		SolutionGuid = {BC8A60BB-31A5-4232-B79E-2B8296D791B5}
	EndGlobalSection
EndGlobal
