<?xml version="1.0" encoding="utf-8"?>
<Project ToolsVersion="4.0" xmlns="http://schemas.microsoft.com/developer/msbuild/2003">
  <ItemGroup>
    <Filter Include="xop">
      <UniqueIdentifier>{49e8f23d-f547-4c70-93ef-4ee51dc0d549}</UniqueIdentifier>
    </Filter>
    <Filter Include="net">
      <UniqueIdentifier>{8f20fc77-9686-4134-8135-df96d9a68783}</UniqueIdentifier>
    </Filter>
    <Filter Include="mongoose">
      <UniqueIdentifier>{5ed35f8b-81cc-463f-bcb7-61e829d1f3d2}</UniqueIdentifier>
    </Filter>
  </ItemGroup>
  <ItemGroup>
    <ClCompile Include="main.cpp" />
    <ClCompile Include="xop\amf.cpp">
      <Filter>xop</Filter>
    </ClCompile>
    <ClCompile Include="xop\H264Parser.cpp">
      <Filter>xop</Filter>
    </ClCompile>
    <ClCompile Include="xop\RtmpChunk.cpp">
      <Filter>xop</Filter>
    </ClCompile>
    <ClCompile Include="xop\RtmpConnection.cpp">
      <Filter>xop</Filter>
    </ClCompile>
    <ClCompile Include="xop\RtmpHandshake.cpp">
      <Filter>xop</Filter>
    </ClCompile>
    <ClCompile Include="xop\RtmpPublisher.cpp">
      <Filter>xop</Filter>
    </ClCompile>
    <ClCompile Include="xop\RtmpServer.cpp">
      <Filter>xop</Filter>
    </ClCompile>
    <ClCompile Include="xop\RtmpSession.cpp">
      <Filter>xop</Filter>
    </ClCompile>
    <ClCompile Include="net\Acceptor.cpp">
      <Filter>net</Filter>
    </ClCompile>
    <ClCompile Include="net\BufferReader.cpp">
      <Filter>net</Filter>
    </ClCompile>
    <ClCompile Include="net\BufferWriter.cpp">
      <Filter>net</Filter>
    </ClCompile>
    <ClCompile Include="net\EpollTaskScheduler.cpp">
      <Filter>net</Filter>
    </ClCompile>
    <ClCompile Include="net\EventLoop.cpp">
      <Filter>net</Filter>
    </ClCompile>
    <ClCompile Include="net\Logger.cpp">
      <Filter>net</Filter>
    </ClCompile>
    <ClCompile Include="net\MemoryManager.cpp">
      <Filter>net</Filter>
    </ClCompile>
    <ClCompile Include="net\NetInterface.cpp">
      <Filter>net</Filter>
    </ClCompile>
    <ClCompile Include="net\Pipe.cpp">
      <Filter>net</Filter>
    </ClCompile>
    <ClCompile Include="net\Process.cpp">
      <Filter>net</Filter>
    </ClCompile>
    <ClCompile Include="net\SelectTaskScheduler.cpp">
      <Filter>net</Filter>
    </ClCompile>
    <ClCompile Include="net\SocketUtil.cpp">
      <Filter>net</Filter>
    </ClCompile>
    <ClCompile Include="net\TaskScheduler.cpp">
      <Filter>net</Filter>
    </ClCompile>
    <ClCompile Include="net\TcpConnection.cpp">
      <Filter>net</Filter>
    </ClCompile>
    <ClCompile Include="net\TcpServer.cpp">
      <Filter>net</Filter>
    </ClCompile>
    <ClCompile Include="net\TcpSocket.cpp">
      <Filter>net</Filter>
    </ClCompile>
    <ClCompile Include="net\Timer.cpp">
      <Filter>net</Filter>
    </ClCompile>
    <ClCompile Include="net\Timestamp.cpp">
      <Filter>net</Filter>
    </ClCompile>
    <ClCompile Include="mongoose\mongoose.c">
      <Filter>mongoose</Filter>
    </ClCompile>
    <ClCompile Include="xop\RtmpClient.cpp">
      <Filter>xop</Filter>
    </ClCompile>
  </ItemGroup>
  <ItemGroup>
    <ClInclude Include="xop\amf.h">
      <Filter>xop</Filter>
    </ClInclude>
    <ClInclude Include="xop\H264Parser.h">
      <Filter>xop</Filter>
    </ClInclude>
    <ClInclude Include="xop\rtmp.h">
      <Filter>xop</Filter>
    </ClInclude>
    <ClInclude Include="xop\RtmpChunk.h">
      <Filter>xop</Filter>
    </ClInclude>
    <ClInclude Include="xop\RtmpConnection.h">
      <Filter>xop</Filter>
    </ClInclude>
    <ClInclude Include="xop\RtmpHandshake.h">
      <Filter>xop</Filter>
    </ClInclude>
    <ClInclude Include="xop\RtmpMessage.h">
      <Filter>xop</Filter>
    </ClInclude>
    <ClInclude Include="xop\RtmpPublisher.h">
      <Filter>xop</Filter>
    </ClInclude>
    <ClInclude Include="xop\RtmpServer.h">
      <Filter>xop</Filter>
    </ClInclude>
    <ClInclude Include="xop\RtmpSession.h">
      <Filter>xop</Filter>
    </ClInclude>
    <ClInclude Include="xop\RtmpSink.h">
      <Filter>xop</Filter>
    </ClInclude>
    <ClInclude Include="net\Acceptor.h">
      <Filter>net</Filter>
    </ClInclude>
    <ClInclude Include="net\BufferReader.h">
      <Filter>net</Filter>
    </ClInclude>
    <ClInclude Include="net\BufferWriter.h">
      <Filter>net</Filter>
    </ClInclude>
    <ClInclude Include="net\Channel.h">
      <Filter>net</Filter>
    </ClInclude>
    <ClInclude Include="net\EpollTaskScheduler.h">
      <Filter>net</Filter>
    </ClInclude>
    <ClInclude Include="net\EventLoop.h">
      <Filter>net</Filter>
    </ClInclude>
    <ClInclude Include="net\log.h">
      <Filter>net</Filter>
    </ClInclude>
    <ClInclude Include="net\Logger.h">
      <Filter>net</Filter>
    </ClInclude>
    <ClInclude Include="net\MemoryManager.h">
      <Filter>net</Filter>
    </ClInclude>
    <ClInclude Include="net\NetInterface.h">
      <Filter>net</Filter>
    </ClInclude>
    <ClInclude Include="net\Pipe.h">
      <Filter>net</Filter>
    </ClInclude>
    <ClInclude Include="net\Process.h">
      <Filter>net</Filter>
    </ClInclude>
    <ClInclude Include="net\RingBuffer.h">
      <Filter>net</Filter>
    </ClInclude>
    <ClInclude Include="net\SelectTaskScheduler.h">
      <Filter>net</Filter>
    </ClInclude>
    <ClInclude Include="net\Socket.h">
      <Filter>net</Filter>
    </ClInclude>
    <ClInclude Include="net\SocketUtil.h">
      <Filter>net</Filter>
    </ClInclude>
    <ClInclude Include="net\TaskScheduler.h">
      <Filter>net</Filter>
    </ClInclude>
    <ClInclude Include="net\TcpConnection.h">
      <Filter>net</Filter>
    </ClInclude>
    <ClInclude Include="net\TcpServer.h">
      <Filter>net</Filter>
    </ClInclude>
    <ClInclude Include="net\TcpSocket.h">
      <Filter>net</Filter>
    </ClInclude>
    <ClInclude Include="net\ThreadSafeQueue.h">
      <Filter>net</Filter>
    </ClInclude>
    <ClInclude Include="net\Timer.h">
      <Filter>net</Filter>
    </ClInclude>
    <ClInclude Include="net\Timestamp.h">
      <Filter>net</Filter>
    </ClInclude>
    <ClInclude Include="mongoose\mongoose.h">
      <Filter>mongoose</Filter>
    </ClInclude>
    <ClInclude Include="xop\RtmpClient.h">
      <Filter>xop</Filter>
    </ClInclude>
  </ItemGroup>
</Project>